
Microsoft Visual Studio Solution File, Format Version 12.00
# Visual Studio Version 17
VisualStudioVersion = 17.2.32630.192
MinimumVisualStudioVersion = 10.0.40219.1
Project("{FAE04EC0-301F-11D3-BF4B-00C04F79EFBC}") = "QueueSender", "QueueSender\QueueSender.csproj", "{28BC49CD-EF75-42F0-9049-C6089D4C10E1}"
EndProject
Project("{FAE04EC0-301F-11D3-BF4B-00C04F79EFBC}") = "QueueReceiver", "QueueReceiver\QueueReceiver.csproj", "{EEE346C3-6796-4017-9352-92B8BD2D2964}"
EndProject
Project("{FAE04EC0-301F-11D3-BF4B-00C04F79EFBC}") = "SessionQueueSender", "SessionQueueSender\SessionQueueSender.csproj", "{E2F3A34C-F791-4DF2-B804-5A9D230F1D08}"
EndProject
Project("{FAE04EC0-301F-11D3-BF4B-00C04F79EFBC}") = "SessionQueueReceiver", "SessionQueueReceiver\SessionQueueReceiver.csproj", "{9F8196C1-3D0E-455D-86B3-7C0CC1786DBD}"
EndProject
Project("{FAE04EC0-301F-11D3-BF4B-00C04F79EFBC}") = "Session1QueueReceiver", "Session1QueueReceiver\Session1QueueReceiver.csproj", "{22A2F361-CABF-4E3F-8124-A3D0EFBB711C}"
EndProject
Project("{FAE04EC0-301F-11D3-BF4B-00C04F79EFBC}") = "Session2QueueReceiver", "Session2QueueReceiver\Session2QueueReceiver.csproj", "{77B6A3AF-D952-4BED-A474-DB4249934881}"
EndProject
Global
	GlobalSection(SolutionConfigurationPlatforms) = preSolution
		Debug|Any CPU = Debug|Any CPU
		Release|Any CPU = Release|Any CPU
	EndGlobalSection
	GlobalSection(ProjectConfigurationPlatforms) = postSolution
		{28BC49CD-EF75-42F0-9049-C6089D4C10E1}.Debug|Any CPU.ActiveCfg = Debug|Any CPU
		{28BC49CD-EF75-42F0-9049-C6089D4C10E1}.Debug|Any CPU.Build.0 = Debug|Any CPU
		{28BC49CD-EF75-42F0-9049-C6089D4C10E1}.Release|Any CPU.ActiveCfg = Release|Any CPU
		{28BC49CD-EF75-42F0-9049-C6089D4C10E1}.Release|Any CPU.Build.0 = Release|Any CPU
		{EEE346C3-6796-4017-9352-92B8BD2D2964}.Debug|Any CPU.ActiveCfg = Debug|Any CPU
		{EEE346C3-6796-4017-9352-92B8BD2D2964}.Debug|Any CPU.Build.0 = Debug|Any CPU
		{EEE346C3-6796-4017-9352-92B8BD2D2964}.Release|Any CPU.ActiveCfg = Release|Any CPU
		{EEE346C3-6796-4017-9352-92B8BD2D2964}.Release|Any CPU.Build.0 = Release|Any CPU
		{E2F3A34C-F791-4DF2-B804-5A9D230F1D08}.Debug|Any CPU.ActiveCfg = Debug|Any CPU
		{E2F3A34C-F791-4DF2-B804-5A9D230F1D08}.Debug|Any CPU.Build.0 = Debug|Any CPU
		{E2F3A34C-F791-4DF2-B804-5A9D230F1D08}.Release|Any CPU.ActiveCfg = Release|Any CPU
		{E2F3A34C-F791-4DF2-B804-5A9D230F1D08}.Release|Any CPU.Build.0 = Release|Any CPU
		{9F8196C1-3D0E-455D-86B3-7C0CC1786DBD}.Debug|Any CPU.ActiveCfg = Debug|Any CPU
		{9F8196C1-3D0E-455D-86B3-7C0CC1786DBD}.Debug|Any CPU.Build.0 = Debug|Any CPU
		{9F8196C1-3D0E-455D-86B3-7C0CC1786DBD}.Release|Any CPU.ActiveCfg = Release|Any CPU
		{9F8196C1-3D0E-455D-86B3-7C0CC1786DBD}.Release|Any CPU.Build.0 = Release|Any CPU
		{22A2F361-CABF-4E3F-8124-A3D0EFBB711C}.Debug|Any CPU.ActiveCfg = Debug|Any CPU
		{22A2F361-CABF-4E3F-8124-A3D0EFBB711C}.Debug|Any CPU.Build.0 = Debug|Any CPU
		{22A2F361-CABF-4E3F-8124-A3D0EFBB711C}.Release|Any CPU.ActiveCfg = Release|Any CPU
		{22A2F361-CABF-4E3F-8124-A3D0EFBB711C}.Release|Any CPU.Build.0 = Release|Any CPU
		{77B6A3AF-D952-4BED-A474-DB4249934881}.Debug|Any CPU.ActiveCfg = Debug|Any CPU
		{77B6A3AF-D952-4BED-A474-DB4249934881}.Debug|Any CPU.Build.0 = Debug|Any CPU
		{77B6A3AF-D952-4BED-A474-DB4249934881}.Release|Any CPU.ActiveCfg = Release|Any CPU
		{77B6A3AF-D952-4BED-A474-DB4249934881}.Release|Any CPU.Build.0 = Release|Any CPU
	EndGlobalSection
	GlobalSection(SolutionProperties) = preSolution
		HideSolutionNode = FALSE
	EndGlobalSection
	GlobalSection(ExtensibilityGlobals) = postSolution
		SolutionGuid = {F9FE1C31-BD6C-4DE8-88BB-826BB1F01A73}
	EndGlobalSection
EndGlobal
